// !$*UTF8*$!
{
	archiveVersion = 1;
	classes = {
	};
	objectVersion = 50;
	objects = {

/* Begin PBXBuildFile section */
		2EC32136A6D85BD6B096784A /* Pods_FlickrRecentTests.framework in Frameworks */ = {isa = PBXBuildFile; fileRef = B103A72653EC2D7215962664 /* Pods_FlickrRecentTests.framework */; };
		32D9AA2F333650D717CF1BAA /* Pods_FlickrRecent.framework in Frameworks */ = {isa = PBXBuildFile; fileRef = A78E16AD06E27AD182661D09 /* Pods_FlickrRecent.framework */; };
		B377CEB42095906E004F2242 /* ImageCollectionViewController.swift in Sources */ = {isa = PBXBuildFile; fileRef = B377CEB32095906E004F2242 /* ImageCollectionViewController.swift */; };
		B377CEB620959495004F2242 /* FlickrNetworkManager.swift in Sources */ = {isa = PBXBuildFile; fileRef = B377CEB520959495004F2242 /* FlickrNetworkManager.swift */; };
		B377CEBF2096C9C9004F2242 /* FlickrPhoto.swift in Sources */ = {isa = PBXBuildFile; fileRef = B377CEBE2096C9C8004F2242 /* FlickrPhoto.swift */; };
		B3EFF9732093FFED00B27BD1 /* AppDelegate.swift in Sources */ = {isa = PBXBuildFile; fileRef = B3EFF9722093FFED00B27BD1 /* AppDelegate.swift */; };
		B3EFF9782093FFED00B27BD1 /* Main.storyboard in Resources */ = {isa = PBXBuildFile; fileRef = B3EFF9762093FFED00B27BD1 /* Main.storyboard */; };
		B3EFF97B2093FFED00B27BD1 /* FlickrRecent.xcdatamodeld in Sources */ = {isa = PBXBuildFile; fileRef = B3EFF9792093FFED00B27BD1 /* FlickrRecent.xcdatamodeld */; };
		B3EFF97D2093FFF000B27BD1 /* Assets.xcassets in Resources */ = {isa = PBXBuildFile; fileRef = B3EFF97C2093FFF000B27BD1 /* Assets.xcassets */; };
		B3EFF9802093FFF000B27BD1 /* LaunchScreen.storyboard in Resources */ = {isa = PBXBuildFile; fileRef = B3EFF97E2093FFF000B27BD1 /* LaunchScreen.storyboard */; };
		B3EFF98B2093FFF000B27BD1 /* FlickrRecentTests.swift in Sources */ = {isa = PBXBuildFile; fileRef = B3EFF98A2093FFF000B27BD1 /* FlickrRecentTests.swift */; };
		B3EFF9962093FFF000B27BD1 /* FlickrRecentUITests.swift in Sources */ = {isa = PBXBuildFile; fileRef = B3EFF9952093FFF000B27BD1 /* FlickrRecentUITests.swift */; };
		CA6F187AE82E4F8C3F7A8C66 /* Pods_FlickrRecentUITests.framework in Frameworks */ = {isa = PBXBuildFile; fileRef = C3380DDC3E0256F6EED04E46 /* Pods_FlickrRecentUITests.framework */; };
		D51938012099B00100B87B7B /* FlickrPhotoDetailViewController.swift in Sources */ = {isa = PBXBuildFile; fileRef = D51938002099B00100B87B7B /* FlickrPhotoDetailViewController.swift */; };
		D5B2CCD72098296F00A24E55 /* FlickrPhotoCollectionViewCell.swift in Sources */ = {isa = PBXBuildFile; fileRef = D5B2CCD62098296F00A24E55 /* FlickrPhotoCollectionViewCell.swift */; };
		D5B2CCD920982E7A00A24E55 /* placeholder.png in Resources */ = {isa = PBXBuildFile; fileRef = D5B2CCD820982E7A00A24E55 /* placeholder.png */; };
		D5B2CCDB20997D0F00A24E55 /* CollectionFooterView.swift in Sources */ = {isa = PBXBuildFile; fileRef = D5B2CCDA20997D0F00A24E55 /* CollectionFooterView.swift */; };
		D5B2CCDD20997D4800A24E55 /* CollectionFooterView.xib in Resources */ = {isa = PBXBuildFile; fileRef = D5B2CCDC20997D4800A24E55 /* CollectionFooterView.xib */; };
		D5B2CCE020998B6500A24E55 /* HeaderCollectionReusableView.swift in Sources */ = {isa = PBXBuildFile; fileRef = D5B2CCDF20998B6500A24E55 /* HeaderCollectionReusableView.swift */; };
/* End PBXBuildFile section */

/* Begin PBXContainerItemProxy section */
		B3EFF9872093FFF000B27BD1 /* PBXContainerItemProxy */ = {
			isa = PBXContainerItemProxy;
			containerPortal = B3EFF9672093FFEC00B27BD1 /* Project object */;
			proxyType = 1;
			remoteGlobalIDString = B3EFF96E2093FFEC00B27BD1;
			remoteInfo = FlickrRecent;
		};
		B3EFF9922093FFF000B27BD1 /* PBXContainerItemProxy */ = {
			isa = PBXContainerItemProxy;
			containerPortal = B3EFF9672093FFEC00B27BD1 /* Project object */;
			proxyType = 1;
			remoteGlobalIDString = B3EFF96E2093FFEC00B27BD1;
			remoteInfo = FlickrRecent;
		};
/* End PBXContainerItemProxy section */

/* Begin PBXFileReference section */
		3CD3C283582BAA0BEF4BDCB5 /* Pods-FlickrRecentUITests.release.xcconfig */ = {isa = PBXFileReference; includeInIndex = 1; lastKnownFileType = text.xcconfig; name = "Pods-FlickrRecentUITests.release.xcconfig"; path = "Pods/Target Support Files/Pods-FlickrRecentUITests/Pods-FlickrRecentUITests.release.xcconfig"; sourceTree = "<group>"; };
		688DE7B0D715A56F02A6BCF4 /* Pods-FlickrRecent.release.xcconfig */ = {isa = PBXFileReference; includeInIndex = 1; lastKnownFileType = text.xcconfig; name = "Pods-FlickrRecent.release.xcconfig"; path = "Pods/Target Support Files/Pods-FlickrRecent/Pods-FlickrRecent.release.xcconfig"; sourceTree = "<group>"; };
		865841BDE1CF1313DB906971 /* Pods-FlickrRecentTests.debug.xcconfig */ = {isa = PBXFileReference; includeInIndex = 1; lastKnownFileType = text.xcconfig; name = "Pods-FlickrRecentTests.debug.xcconfig"; path = "Pods/Target Support Files/Pods-FlickrRecentTests/Pods-FlickrRecentTests.debug.xcconfig"; sourceTree = "<group>"; };
		A78E16AD06E27AD182661D09 /* Pods_FlickrRecent.framework */ = {isa = PBXFileReference; explicitFileType = wrapper.framework; includeInIndex = 0; path = Pods_FlickrRecent.framework; sourceTree = BUILT_PRODUCTS_DIR; };
		B103A72653EC2D7215962664 /* Pods_FlickrRecentTests.framework */ = {isa = PBXFileReference; explicitFileType = wrapper.framework; includeInIndex = 0; path = Pods_FlickrRecentTests.framework; sourceTree = BUILT_PRODUCTS_DIR; };
		B377CEB32095906E004F2242 /* ImageCollectionViewController.swift */ = {isa = PBXFileReference; lastKnownFileType = sourcecode.swift; path = ImageCollectionViewController.swift; sourceTree = "<group>"; };
		B377CEB520959495004F2242 /* FlickrNetworkManager.swift */ = {isa = PBXFileReference; lastKnownFileType = sourcecode.swift; path = FlickrNetworkManager.swift; sourceTree = "<group>"; };
		B377CEBE2096C9C8004F2242 /* FlickrPhoto.swift */ = {isa = PBXFileReference; lastKnownFileType = sourcecode.swift; path = FlickrPhoto.swift; sourceTree = "<group>"; };
		B3A5AE4B1EDA2DA39743CAC7 /* Pods-FlickrRecentUITests.debug.xcconfig */ = {isa = PBXFileReference; includeInIndex = 1; lastKnownFileType = text.xcconfig; name = "Pods-FlickrRecentUITests.debug.xcconfig"; path = "Pods/Target Support Files/Pods-FlickrRecentUITests/Pods-FlickrRecentUITests.debug.xcconfig"; sourceTree = "<group>"; };
		B3EFF96F2093FFED00B27BD1 /* FlickrRecent.app */ = {isa = PBXFileReference; explicitFileType = wrapper.application; includeInIndex = 0; path = FlickrRecent.app; sourceTree = BUILT_PRODUCTS_DIR; };
		B3EFF9722093FFED00B27BD1 /* AppDelegate.swift */ = {isa = PBXFileReference; lastKnownFileType = sourcecode.swift; path = AppDelegate.swift; sourceTree = "<group>"; };
		B3EFF9772093FFED00B27BD1 /* Base */ = {isa = PBXFileReference; lastKnownFileType = file.storyboard; name = Base; path = Base.lproj/Main.storyboard; sourceTree = "<group>"; };
		B3EFF97A2093FFED00B27BD1 /* FlickrRecent.xcdatamodel */ = {isa = PBXFileReference; lastKnownFileType = wrapper.xcdatamodel; path = FlickrRecent.xcdatamodel; sourceTree = "<group>"; };
		B3EFF97C2093FFF000B27BD1 /* Assets.xcassets */ = {isa = PBXFileReference; lastKnownFileType = folder.assetcatalog; path = Assets.xcassets; sourceTree = "<group>"; };
		B3EFF97F2093FFF000B27BD1 /* Base */ = {isa = PBXFileReference; lastKnownFileType = file.storyboard; name = Base; path = Base.lproj/LaunchScreen.storyboard; sourceTree = "<group>"; };
		B3EFF9812093FFF000B27BD1 /* Info.plist */ = {isa = PBXFileReference; lastKnownFileType = text.plist.xml; path = Info.plist; sourceTree = "<group>"; };
		B3EFF9862093FFF000B27BD1 /* FlickrRecentTests.xctest */ = {isa = PBXFileReference; explicitFileType = wrapper.cfbundle; includeInIndex = 0; path = FlickrRecentTests.xctest; sourceTree = BUILT_PRODUCTS_DIR; };
		B3EFF98A2093FFF000B27BD1 /* FlickrRecentTests.swift */ = {isa = PBXFileReference; lastKnownFileType = sourcecode.swift; path = FlickrRecentTests.swift; sourceTree = "<group>"; };
		B3EFF98C2093FFF000B27BD1 /* Info.plist */ = {isa = PBXFileReference; lastKnownFileType = text.plist.xml; path = Info.plist; sourceTree = "<group>"; };
		B3EFF9912093FFF000B27BD1 /* FlickrRecentUITests.xctest */ = {isa = PBXFileReference; explicitFileType = wrapper.cfbundle; includeInIndex = 0; path = FlickrRecentUITests.xctest; sourceTree = BUILT_PRODUCTS_DIR; };
		B3EFF9952093FFF000B27BD1 /* FlickrRecentUITests.swift */ = {isa = PBXFileReference; lastKnownFileType = sourcecode.swift; path = FlickrRecentUITests.swift; sourceTree = "<group>"; };
		B3EFF9972093FFF000B27BD1 /* Info.plist */ = {isa = PBXFileReference; lastKnownFileType = text.plist.xml; path = Info.plist; sourceTree = "<group>"; };
		BE8C4A39D05CFA94E36AD383 /* Pods-FlickrRecent.debug.xcconfig */ = {isa = PBXFileReference; includeInIndex = 1; lastKnownFileType = text.xcconfig; name = "Pods-FlickrRecent.debug.xcconfig"; path = "Pods/Target Support Files/Pods-FlickrRecent/Pods-FlickrRecent.debug.xcconfig"; sourceTree = "<group>"; };
		C3380DDC3E0256F6EED04E46 /* Pods_FlickrRecentUITests.framework */ = {isa = PBXFileReference; explicitFileType = wrapper.framework; includeInIndex = 0; path = Pods_FlickrRecentUITests.framework; sourceTree = BUILT_PRODUCTS_DIR; };
		D51937EE20999C8800B87B7B /* ProximaNova-Bold.otf */ = {isa = PBXFileReference; lastKnownFileType = file; path = "ProximaNova-Bold.otf"; sourceTree = "<group>"; };
		D51937EF20999C8800B87B7B /* ProximaNova-BoldIt.otf */ = {isa = PBXFileReference; lastKnownFileType = file; path = "ProximaNova-BoldIt.otf"; sourceTree = "<group>"; };
		D51937F020999C8800B87B7B /* ProximaNova-Extrabold.otf */ = {isa = PBXFileReference; lastKnownFileType = file; path = "ProximaNova-Extrabold.otf"; sourceTree = "<group>"; };
		D51937F120999C8800B87B7B /* ProximaNova-Light.otf */ = {isa = PBXFileReference; lastKnownFileType = file; path = "ProximaNova-Light.otf"; sourceTree = "<group>"; };
		D51937F220999C8800B87B7B /* ProximaNova-LightItalic.otf */ = {isa = PBXFileReference; lastKnownFileType = file; path = "ProximaNova-LightItalic.otf"; sourceTree = "<group>"; };
		D51937F320999C8800B87B7B /* ProximaNova-RegItalic.otf */ = {isa = PBXFileReference; lastKnownFileType = file; path = "ProximaNova-RegItalic.otf"; sourceTree = "<group>"; };
		D51937F420999C8800B87B7B /* ProximaNova-Regular.otf */ = {isa = PBXFileReference; lastKnownFileType = file; path = "ProximaNova-Regular.otf"; sourceTree = "<group>"; };
		D51937F520999C8800B87B7B /* ProximaNova-RegularItalic.otf */ = {isa = PBXFileReference; lastKnownFileType = file; path = "ProximaNova-RegularItalic.otf"; sourceTree = "<group>"; };
		D51937F620999C8800B87B7B /* ProximaNova-Semibold.otf */ = {isa = PBXFileReference; lastKnownFileType = file; path = "ProximaNova-Semibold.otf"; sourceTree = "<group>"; };
		D51937F720999C8800B87B7B /* ProximaNova-SemiboldItalic.otf */ = {isa = PBXFileReference; lastKnownFileType = file; path = "ProximaNova-SemiboldItalic.otf"; sourceTree = "<group>"; };
		D51937F820999C8800B87B7B /* ProximaNovaCond-Light.otf */ = {isa = PBXFileReference; lastKnownFileType = file; path = "ProximaNovaCond-Light.otf"; sourceTree = "<group>"; };
		D51937F920999C8800B87B7B /* ProximaNovaCond-LightIt.otf */ = {isa = PBXFileReference; lastKnownFileType = file; path = "ProximaNovaCond-LightIt.otf"; sourceTree = "<group>"; };
		D51937FA20999C8800B87B7B /* ProximaNovaCond-Regular.otf */ = {isa = PBXFileReference; lastKnownFileType = file; path = "ProximaNovaCond-Regular.otf"; sourceTree = "<group>"; };
		D51937FB20999C8800B87B7B /* ProximaNovaCond-RegularIt.otf */ = {isa = PBXFileReference; lastKnownFileType = file; path = "ProximaNovaCond-RegularIt.otf"; sourceTree = "<group>"; };
		D51937FC20999C8800B87B7B /* ProximaNovaCond-Semibold.otf */ = {isa = PBXFileReference; lastKnownFileType = file; path = "ProximaNovaCond-Semibold.otf"; sourceTree = "<group>"; };
		D51937FD20999C8800B87B7B /* ProximaNovaCond-SemiboldIt.otf */ = {isa = PBXFileReference; lastKnownFileType = file; path = "ProximaNovaCond-SemiboldIt.otf"; sourceTree = "<group>"; };
		D51937FE20999C8800B87B7B /* ProximaNova-Black.otf */ = {isa = PBXFileReference; lastKnownFileType = file; path = "ProximaNova-Black.otf"; sourceTree = "<group>"; };
		D51938002099B00100B87B7B /* FlickrPhotoDetailViewController.swift */ = {isa = PBXFileReference; lastKnownFileType = sourcecode.swift; path = FlickrPhotoDetailViewController.swift; sourceTree = "<group>"; };
		D5B2CCD62098296F00A24E55 /* FlickrPhotoCollectionViewCell.swift */ = {isa = PBXFileReference; lastKnownFileType = sourcecode.swift; path = FlickrPhotoCollectionViewCell.swift; sourceTree = "<group>"; };
		D5B2CCD820982E7A00A24E55 /* placeholder.png */ = {isa = PBXFileReference; lastKnownFileType = image.png; name = placeholder.png; path = images/placeholder.png; sourceTree = SOURCE_ROOT; };
		D5B2CCDA20997D0F00A24E55 /* CollectionFooterView.swift */ = {isa = PBXFileReference; lastKnownFileType = sourcecode.swift; path = CollectionFooterView.swift; sourceTree = "<group>"; };
		D5B2CCDC20997D4800A24E55 /* CollectionFooterView.xib */ = {isa = PBXFileReference; lastKnownFileType = file.xib; path = CollectionFooterView.xib; sourceTree = "<group>"; };
		D5B2CCDF20998B6500A24E55 /* HeaderCollectionReusableView.swift */ = {isa = PBXFileReference; lastKnownFileType = sourcecode.swift; path = HeaderCollectionReusableView.swift; sourceTree = "<group>"; };
		F476326C6E59AFE053EA6346 /* Pods-FlickrRecentTests.release.xcconfig */ = {isa = PBXFileReference; includeInIndex = 1; lastKnownFileType = text.xcconfig; name = "Pods-FlickrRecentTests.release.xcconfig"; path = "Pods/Target Support Files/Pods-FlickrRecentTests/Pods-FlickrRecentTests.release.xcconfig"; sourceTree = "<group>"; };
/* End PBXFileReference section */

/* Begin PBXFrameworksBuildPhase section */
		B3EFF96C2093FFEC00B27BD1 /* Frameworks */ = {
			isa = PBXFrameworksBuildPhase;
			buildActionMask = 2147483647;
			files = (
				32D9AA2F333650D717CF1BAA /* Pods_FlickrRecent.framework in Frameworks */,
			);
			runOnlyForDeploymentPostprocessing = 0;
		};
		B3EFF9832093FFF000B27BD1 /* Frameworks */ = {
			isa = PBXFrameworksBuildPhase;
			buildActionMask = 2147483647;
			files = (
				2EC32136A6D85BD6B096784A /* Pods_FlickrRecentTests.framework in Frameworks */,
			);
			runOnlyForDeploymentPostprocessing = 0;
		};
		B3EFF98E2093FFF000B27BD1 /* Frameworks */ = {
			isa = PBXFrameworksBuildPhase;
			buildActionMask = 2147483647;
			files = (
				CA6F187AE82E4F8C3F7A8C66 /* Pods_FlickrRecentUITests.framework in Frameworks */,
			);
			runOnlyForDeploymentPostprocessing = 0;
		};
/* End PBXFrameworksBuildPhase section */

/* Begin PBXGroup section */
		905D64294C612E357227CC80 /* Pods */ = {
			isa = PBXGroup;
			children = (
				BE8C4A39D05CFA94E36AD383 /* Pods-FlickrRecent.debug.xcconfig */,
				688DE7B0D715A56F02A6BCF4 /* Pods-FlickrRecent.release.xcconfig */,
				865841BDE1CF1313DB906971 /* Pods-FlickrRecentTests.debug.xcconfig */,
				F476326C6E59AFE053EA6346 /* Pods-FlickrRecentTests.release.xcconfig */,
				B3A5AE4B1EDA2DA39743CAC7 /* Pods-FlickrRecentUITests.debug.xcconfig */,
				3CD3C283582BAA0BEF4BDCB5 /* Pods-FlickrRecentUITests.release.xcconfig */,
			);
			name = Pods;
			sourceTree = "<group>";
		};
		B377CEB92096C991004F2242 /* Model */ = {
			isa = PBXGroup;
			children = (
				B377CEB520959495004F2242 /* FlickrNetworkManager.swift */,
				B377CEBE2096C9C8004F2242 /* FlickrPhoto.swift */,
			);
			path = Model;
			sourceTree = "<group>";
		};
		B377CEBA2096C99D004F2242 /* View */ = {
			isa = PBXGroup;
			children = (
				D5B2CCD62098296F00A24E55 /* FlickrPhotoCollectionViewCell.swift */,
				B3EFF97E2093FFF000B27BD1 /* LaunchScreen.storyboard */,
				B3EFF9762093FFED00B27BD1 /* Main.storyboard */,
				D5B2CCDA20997D0F00A24E55 /* CollectionFooterView.swift */,
				D5B2CCDC20997D4800A24E55 /* CollectionFooterView.xib */,
				D5B2CCDF20998B6500A24E55 /* HeaderCollectionReusableView.swift */,
			);
			path = View;
			sourceTree = "<group>";
		};
		B377CEBB2096C9A2004F2242 /* Controller */ = {
			isa = PBXGroup;
			children = (
				B377CEB32095906E004F2242 /* ImageCollectionViewController.swift */,
				D51938002099B00100B87B7B /* FlickrPhotoDetailViewController.swift */,
			);
			path = Controller;
			sourceTree = "<group>";
		};
		B3EFF9662093FFEC00B27BD1 = {
			isa = PBXGroup;
			children = (
				B3EFF9712093FFED00B27BD1 /* FlickrRecent */,
				B3EFF9892093FFF000B27BD1 /* FlickrRecentTests */,
				B3EFF9942093FFF000B27BD1 /* FlickrRecentUITests */,
				B3EFF9702093FFED00B27BD1 /* Products */,
				905D64294C612E357227CC80 /* Pods */,
				EAE18BA8E663699BBBE41590 /* Frameworks */,
			);
			sourceTree = "<group>";
		};
		B3EFF9702093FFED00B27BD1 /* Products */ = {
			isa = PBXGroup;
			children = (
				B3EFF96F2093FFED00B27BD1 /* FlickrRecent.app */,
				B3EFF9862093FFF000B27BD1 /* FlickrRecentTests.xctest */,
				B3EFF9912093FFF000B27BD1 /* FlickrRecentUITests.xctest */,
			);
			name = Products;
			sourceTree = "<group>";
		};
		B3EFF9712093FFED00B27BD1 /* FlickrRecent */ = {
			isa = PBXGroup;
			children = (
				B377CEBB2096C9A2004F2242 /* Controller */,
				B377CEBA2096C99D004F2242 /* View */,
				B377CEB92096C991004F2242 /* Model */,
				B3EFF9722093FFED00B27BD1 /* AppDelegate.swift */,
				B3EFF97C2093FFF000B27BD1 /* Assets.xcassets */,
				D51937FF20999C8800B87B7B /* Fonts */,
				D5B2CCD820982E7A00A24E55 /* placeholder.png */,
				B3EFF9812093FFF000B27BD1 /* Info.plist */,
				B3EFF9792093FFED00B27BD1 /* FlickrRecent.xcdatamodeld */,
			);
			path = FlickrRecent;
			sourceTree = "<group>";
		};
		B3EFF9892093FFF000B27BD1 /* FlickrRecentTests */ = {
			isa = PBXGroup;
			children = (
				B3EFF98A2093FFF000B27BD1 /* FlickrRecentTests.swift */,
				B3EFF98C2093FFF000B27BD1 /* Info.plist */,
			);
			path = FlickrRecentTests;
			sourceTree = "<group>";
		};
		B3EFF9942093FFF000B27BD1 /* FlickrRecentUITests */ = {
			isa = PBXGroup;
			children = (
				B3EFF9952093FFF000B27BD1 /* FlickrRecentUITests.swift */,
				B3EFF9972093FFF000B27BD1 /* Info.plist */,
			);
			path = FlickrRecentUITests;
			sourceTree = "<group>";
		};
		D51937FF20999C8800B87B7B /* Fonts */ = {
			isa = PBXGroup;
			children = (
				D51937EE20999C8800B87B7B /* ProximaNova-Bold.otf */,
				D51937EF20999C8800B87B7B /* ProximaNova-BoldIt.otf */,
				D51937F020999C8800B87B7B /* ProximaNova-Extrabold.otf */,
				D51937F120999C8800B87B7B /* ProximaNova-Light.otf */,
				D51937F220999C8800B87B7B /* ProximaNova-LightItalic.otf */,
				D51937F320999C8800B87B7B /* ProximaNova-RegItalic.otf */,
				D51937F420999C8800B87B7B /* ProximaNova-Regular.otf */,
				D51937F520999C8800B87B7B /* ProximaNova-RegularItalic.otf */,
				D51937F620999C8800B87B7B /* ProximaNova-Semibold.otf */,
				D51937F720999C8800B87B7B /* ProximaNova-SemiboldItalic.otf */,
				D51937F820999C8800B87B7B /* ProximaNovaCond-Light.otf */,
				D51937F920999C8800B87B7B /* ProximaNovaCond-LightIt.otf */,
				D51937FA20999C8800B87B7B /* ProximaNovaCond-Regular.otf */,
				D51937FB20999C8800B87B7B /* ProximaNovaCond-RegularIt.otf */,
				D51937FC20999C8800B87B7B /* ProximaNovaCond-Semibold.otf */,
				D51937FD20999C8800B87B7B /* ProximaNovaCond-SemiboldIt.otf */,
				D51937FE20999C8800B87B7B /* ProximaNova-Black.otf */,
			);
			path = Fonts;
			sourceTree = "<group>";
		};
		EAE18BA8E663699BBBE41590 /* Frameworks */ = {
			isa = PBXGroup;
			children = (
				A78E16AD06E27AD182661D09 /* Pods_FlickrRecent.framework */,
				B103A72653EC2D7215962664 /* Pods_FlickrRecentTests.framework */,
				C3380DDC3E0256F6EED04E46 /* Pods_FlickrRecentUITests.framework */,
			);
			name = Frameworks;
			sourceTree = "<group>";
		};
/* End PBXGroup section */

/* Begin PBXNativeTarget section */
		B3EFF96E2093FFEC00B27BD1 /* FlickrRecent */ = {
			isa = PBXNativeTarget;
			buildConfigurationList = B3EFF99A2093FFF000B27BD1 /* Build configuration list for PBXNativeTarget "FlickrRecent" */;
			buildPhases = (
				D11AE95D2CACD69F34FE61D9 /* [CP] Check Pods Manifest.lock */,
				B3EFF96B2093FFEC00B27BD1 /* Sources */,
				B3EFF96C2093FFEC00B27BD1 /* Frameworks */,
				B3EFF96D2093FFEC00B27BD1 /* Resources */,
				0048AC965E8D58C561EB15AC /* [CP] Embed Pods Frameworks */,
				D871E83C04198DE6056D69F4 /* [CP] Copy Pods Resources */,
				D5B2CCDE209983F600A24E55 /* ShellScript */,
			);
			buildRules = (
			);
			dependencies = (
			);
			name = FlickrRecent;
			productName = FlickrRecent;
			productReference = B3EFF96F2093FFED00B27BD1 /* FlickrRecent.app */;
			productType = "com.apple.product-type.application";
		};
		B3EFF9852093FFF000B27BD1 /* FlickrRecentTests */ = {
			isa = PBXNativeTarget;
			buildConfigurationList = B3EFF99D2093FFF000B27BD1 /* Build configuration list for PBXNativeTarget "FlickrRecentTests" */;
			buildPhases = (
				F0968B021E091CAD619D82EB /* [CP] Check Pods Manifest.lock */,
				B3EFF9822093FFF000B27BD1 /* Sources */,
				B3EFF9832093FFF000B27BD1 /* Frameworks */,
				B3EFF9842093FFF000B27BD1 /* Resources */,
				38C2C43902CBC70E16323904 /* [CP] Embed Pods Frameworks */,
				4ADFA9294E5D11B267380BB9 /* [CP] Copy Pods Resources */,
			);
			buildRules = (
			);
			dependencies = (
				B3EFF9882093FFF000B27BD1 /* PBXTargetDependency */,
			);
			name = FlickrRecentTests;
			productName = FlickrRecentTests;
			productReference = B3EFF9862093FFF000B27BD1 /* FlickrRecentTests.xctest */;
			productType = "com.apple.product-type.bundle.unit-test";
		};
		B3EFF9902093FFF000B27BD1 /* FlickrRecentUITests */ = {
			isa = PBXNativeTarget;
			buildConfigurationList = B3EFF9A02093FFF000B27BD1 /* Build configuration list for PBXNativeTarget "FlickrRecentUITests" */;
			buildPhases = (
				28529EA51DCFA174BA7D4EBE /* [CP] Check Pods Manifest.lock */,
				B3EFF98D2093FFF000B27BD1 /* Sources */,
				B3EFF98E2093FFF000B27BD1 /* Frameworks */,
				B3EFF98F2093FFF000B27BD1 /* Resources */,
				B52FB3CE9B127291714AA097 /* [CP] Embed Pods Frameworks */,
				CF195E6540F76E8F8AC5944D /* [CP] Copy Pods Resources */,
			);
			buildRules = (
			);
			dependencies = (
				B3EFF9932093FFF000B27BD1 /* PBXTargetDependency */,
			);
			name = FlickrRecentUITests;
			productName = FlickrRecentUITests;
			productReference = B3EFF9912093FFF000B27BD1 /* FlickrRecentUITests.xctest */;
			productType = "com.apple.product-type.bundle.ui-testing";
		};
/* End PBXNativeTarget section */

/* Begin PBXProject section */
		B3EFF9672093FFEC00B27BD1 /* Project object */ = {
			isa = PBXProject;
			attributes = {
				LastSwiftUpdateCheck = 0930;
				LastUpgradeCheck = 0930;
				ORGANIZATIONNAME = "Nicholas Moignard";
				TargetAttributes = {
					B3EFF96E2093FFEC00B27BD1 = {
						CreatedOnToolsVersion = 9.3;
					};
					B3EFF9852093FFF000B27BD1 = {
						CreatedOnToolsVersion = 9.3;
						TestTargetID = B3EFF96E2093FFEC00B27BD1;
					};
					B3EFF9902093FFF000B27BD1 = {
						CreatedOnToolsVersion = 9.3;
						TestTargetID = B3EFF96E2093FFEC00B27BD1;
					};
				};
			};
			buildConfigurationList = B3EFF96A2093FFEC00B27BD1 /* Build configuration list for PBXProject "FlickrRecent" */;
			compatibilityVersion = "Xcode 9.3";
			developmentRegion = en;
			hasScannedForEncodings = 0;
			knownRegions = (
				en,
				Base,
			);
			mainGroup = B3EFF9662093FFEC00B27BD1;
			productRefGroup = B3EFF9702093FFED00B27BD1 /* Products */;
			projectDirPath = "";
			projectRoot = "";
			targets = (
				B3EFF96E2093FFEC00B27BD1 /* FlickrRecent */,
				B3EFF9852093FFF000B27BD1 /* FlickrRecentTests */,
				B3EFF9902093FFF000B27BD1 /* FlickrRecentUITests */,
			);
		};
/* End PBXProject section */

/* Begin PBXResourcesBuildPhase section */
		B3EFF96D2093FFEC00B27BD1 /* Resources */ = {
			isa = PBXResourcesBuildPhase;
			buildActionMask = 2147483647;
			files = (
				B3EFF9802093FFF000B27BD1 /* LaunchScreen.storyboard in Resources */,
				D5B2CCD920982E7A00A24E55 /* placeholder.png in Resources */,
				D5B2CCDD20997D4800A24E55 /* CollectionFooterView.xib in Resources */,
				B3EFF97D2093FFF000B27BD1 /* Assets.xcassets in Resources */,
				B3EFF9782093FFED00B27BD1 /* Main.storyboard in Resources */,
			);
			runOnlyForDeploymentPostprocessing = 0;
		};
		B3EFF9842093FFF000B27BD1 /* Resources */ = {
			isa = PBXResourcesBuildPhase;
			buildActionMask = 2147483647;
			files = (
			);
			runOnlyForDeploymentPostprocessing = 0;
		};
		B3EFF98F2093FFF000B27BD1 /* Resources */ = {
			isa = PBXResourcesBuildPhase;
			buildActionMask = 2147483647;
			files = (
			);
			runOnlyForDeploymentPostprocessing = 0;
		};
/* End PBXResourcesBuildPhase section */

/* Begin PBXShellScriptBuildPhase section */
		0048AC965E8D58C561EB15AC /* [CP] Embed Pods Frameworks */ = {
			isa = PBXShellScriptBuildPhase;
			buildActionMask = 2147483647;
			files = (
			);
			inputPaths = (
				"${SRCROOT}/Pods/Target Support Files/Pods-FlickrRecent/Pods-FlickrRecent-frameworks.sh",
				"${BUILT_PRODUCTS_DIR}/Alamofire/Alamofire.framework",
				"${BUILT_PRODUCTS_DIR}/ImageScrollView/ImageScrollView.framework",
				"${BUILT_PRODUCTS_DIR}/SDWebImage/SDWebImage.framework",
				"${BUILT_PRODUCTS_DIR}/SwiftyJSON/SwiftyJSON.framework",
			);
			name = "[CP] Embed Pods Frameworks";
			outputPaths = (
				"${TARGET_BUILD_DIR}/${FRAMEWORKS_FOLDER_PATH}/Alamofire.framework",
				"${TARGET_BUILD_DIR}/${FRAMEWORKS_FOLDER_PATH}/ImageScrollView.framework",
				"${TARGET_BUILD_DIR}/${FRAMEWORKS_FOLDER_PATH}/SDWebImage.framework",
				"${TARGET_BUILD_DIR}/${FRAMEWORKS_FOLDER_PATH}/SwiftyJSON.framework",
			);
			runOnlyForDeploymentPostprocessing = 0;
			shellPath = /bin/sh;
			shellScript = "\"${SRCROOT}/Pods/Target Support Files/Pods-FlickrRecent/Pods-FlickrRecent-frameworks.sh\"\n";
			showEnvVarsInLog = 0;
		};
		28529EA51DCFA174BA7D4EBE /* [CP] Check Pods Manifest.lock */ = {
			isa = PBXShellScriptBuildPhase;
			buildActionMask = 2147483647;
			files = (
			);
			inputPaths = (
				"${PODS_PODFILE_DIR_PATH}/Podfile.lock",
				"${PODS_ROOT}/Manifest.lock",
			);
			name = "[CP] Check Pods Manifest.lock";
			outputPaths = (
				"$(DERIVED_FILE_DIR)/Pods-FlickrRecentUITests-checkManifestLockResult.txt",
			);
			runOnlyForDeploymentPostprocessing = 0;
			shellPath = /bin/sh;
			shellScript = "diff \"${PODS_PODFILE_DIR_PATH}/Podfile.lock\" \"${PODS_ROOT}/Manifest.lock\" > /dev/null\nif [ $? != 0 ] ; then\n    # print error to STDERR\n    echo \"error: The sandbox is not in sync with the Podfile.lock. Run 'pod install' or update your CocoaPods installation.\" >&2\n    exit 1\nfi\n# This output is used by Xcode 'outputs' to avoid re-running this script phase.\necho \"SUCCESS\" > \"${SCRIPT_OUTPUT_FILE_0}\"\n";
			showEnvVarsInLog = 0;
		};
		38C2C43902CBC70E16323904 /* [CP] Embed Pods Frameworks */ = {
			isa = PBXShellScriptBuildPhase;
			buildActionMask = 2147483647;
			files = (
			);
			inputPaths = (
			);
			name = "[CP] Embed Pods Frameworks";
			outputPaths = (
			);
			runOnlyForDeploymentPostprocessing = 0;
			shellPath = /bin/sh;
			shellScript = "\"${SRCROOT}/Pods/Target Support Files/Pods-FlickrRecentTests/Pods-FlickrRecentTests-frameworks.sh\"\n";
			showEnvVarsInLog = 0;
		};
		4ADFA9294E5D11B267380BB9 /* [CP] Copy Pods Resources */ = {
			isa = PBXShellScriptBuildPhase;
			buildActionMask = 2147483647;
			files = (
			);
			inputPaths = (
			);
			name = "[CP] Copy Pods Resources";
			outputPaths = (
			);
			runOnlyForDeploymentPostprocessing = 0;
			shellPath = /bin/sh;
			shellScript = "\"${SRCROOT}/Pods/Target Support Files/Pods-FlickrRecentTests/Pods-FlickrRecentTests-resources.sh\"\n";
			showEnvVarsInLog = 0;
		};
		B52FB3CE9B127291714AA097 /* [CP] Embed Pods Frameworks */ = {
			isa = PBXShellScriptBuildPhase;
			buildActionMask = 2147483647;
			files = (
			);
			inputPaths = (
			);
			name = "[CP] Embed Pods Frameworks";
			outputPaths = (
			);
			runOnlyForDeploymentPostprocessing = 0;
			shellPath = /bin/sh;
			shellScript = "\"${SRCROOT}/Pods/Target Support Files/Pods-FlickrRecentUITests/Pods-FlickrRecentUITests-frameworks.sh\"\n";
			showEnvVarsInLog = 0;
		};
		CF195E6540F76E8F8AC5944D /* [CP] Copy Pods Resources */ = {
			isa = PBXShellScriptBuildPhase;
			buildActionMask = 2147483647;
			files = (
			);
			inputPaths = (
			);
			name = "[CP] Copy Pods Resources";
			outputPaths = (
			);
			runOnlyForDeploymentPostprocessing = 0;
			shellPath = /bin/sh;
			shellScript = "\"${SRCROOT}/Pods/Target Support Files/Pods-FlickrRecentUITests/Pods-FlickrRecentUITests-resources.sh\"\n";
			showEnvVarsInLog = 0;
		};
		D11AE95D2CACD69F34FE61D9 /* [CP] Check Pods Manifest.lock */ = {
			isa = PBXShellScriptBuildPhase;
			buildActionMask = 2147483647;
			files = (
			);
			inputPaths = (
				"${PODS_PODFILE_DIR_PATH}/Podfile.lock",
				"${PODS_ROOT}/Manifest.lock",
			);
			name = "[CP] Check Pods Manifest.lock";
			outputPaths = (
				"$(DERIVED_FILE_DIR)/Pods-FlickrRecent-checkManifestLockResult.txt",
			);
			runOnlyForDeploymentPostprocessing = 0;
			shellPath = /bin/sh;
			shellScript = "diff \"${PODS_PODFILE_DIR_PATH}/Podfile.lock\" \"${PODS_ROOT}/Manifest.lock\" > /dev/null\nif [ $? != 0 ] ; then\n    # print error to STDERR\n    echo \"error: The sandbox is not in sync with the Podfile.lock. Run 'pod install' or update your CocoaPods installation.\" >&2\n    exit 1\nfi\n# This output is used by Xcode 'outputs' to avoid re-running this script phase.\necho \"SUCCESS\" > \"${SCRIPT_OUTPUT_FILE_0}\"\n";
			showEnvVarsInLog = 0;
		};
		D5B2CCDE209983F600A24E55 /* ShellScript */ = {
			isa = PBXShellScriptBuildPhase;
			buildActionMask = 2147483647;
			files = (
			);
			inputPaths = (
			);
			outputPaths = (
			);
			runOnlyForDeploymentPostprocessing = 0;
			shellPath = /bin/sh;
			shellScript = "\"${PODS_ROOT}/Fabric/run\" 21879045719d8605b214835a6ec879d404b9fd42 3ae76a0a5948badbc365ffab63183f5dc72b16901408a0e7a9449d819a4175fb";
		};
		D871E83C04198DE6056D69F4 /* [CP] Copy Pods Resources */ = {
			isa = PBXShellScriptBuildPhase;
			buildActionMask = 2147483647;
			files = (
			);
			inputPaths = (
			);
			name = "[CP] Copy Pods Resources";
			outputPaths = (
			);
			runOnlyForDeploymentPostprocessing = 0;
			shellPath = /bin/sh;
			shellScript = "\"${SRCROOT}/Pods/Target Support Files/Pods-FlickrRecent/Pods-FlickrRecent-resources.sh\"\n";
			showEnvVarsInLog = 0;
		};
		F0968B021E091CAD619D82EB /* [CP] Check Pods Manifest.lock */ = {
			isa = PBXShellScriptBuildPhase;
			buildActionMask = 2147483647;
			files = (
			);
			inputPaths = (
				"${PODS_PODFILE_DIR_PATH}/Podfile.lock",
				"${PODS_ROOT}/Manifest.lock",
			);
			name = "[CP] Check Pods Manifest.lock";
			outputPaths = (
				"$(DERIVED_FILE_DIR)/Pods-FlickrRecentTests-checkManifestLockResult.txt",
			);
			runOnlyForDeploymentPostprocessing = 0;
			shellPath = /bin/sh;
			shellScript = "diff \"${PODS_PODFILE_DIR_PATH}/Podfile.lock\" \"${PODS_ROOT}/Manifest.lock\" > /dev/null\nif [ $? != 0 ] ; then\n    # print error to STDERR\n    echo \"error: The sandbox is not in sync with the Podfile.lock. Run 'pod install' or update your CocoaPods installation.\" >&2\n    exit 1\nfi\n# This output is used by Xcode 'outputs' to avoid re-running this script phase.\necho \"SUCCESS\" > \"${SCRIPT_OUTPUT_FILE_0}\"\n";
			showEnvVarsInLog = 0;
		};
/* End PBXShellScriptBuildPhase section */

/* Begin PBXSourcesBuildPhase section */
		B3EFF96B2093FFEC00B27BD1 /* Sources */ = {
			isa = PBXSourcesBuildPhase;
			buildActionMask = 2147483647;
			files = (
				D5B2CCE020998B6500A24E55 /* HeaderCollectionReusableView.swift in Sources */,
				D5B2CCDB20997D0F00A24E55 /* CollectionFooterView.swift in Sources */,
				B377CEB42095906E004F2242 /* ImageCollectionViewController.swift in Sources */,
				B377CEB620959495004F2242 /* FlickrNetworkManager.swift in Sources */,
				B377CEBF2096C9C9004F2242 /* FlickrPhoto.swift in Sources */,
				B3EFF9732093FFED00B27BD1 /* AppDelegate.swift in Sources */,
				D51938012099B00100B87B7B /* FlickrPhotoDetailViewController.swift in Sources */,
				D5B2CCD72098296F00A24E55 /* FlickrPhotoCollectionViewCell.swift in Sources */,
				B3EFF97B2093FFED00B27BD1 /* FlickrRecent.xcdatamodeld in Sources */,
			);
			runOnlyForDeploymentPostprocessing = 0;
		};
		B3EFF9822093FFF000B27BD1 /* Sources */ = {
			isa = PBXSourcesBuildPhase;
			buildActionMask = 2147483647;
			files = (
				B3EFF98B2093FFF000B27BD1 /* FlickrRecentTests.swift in Sources */,
			);
			runOnlyForDeploymentPostprocessing = 0;
		};
		B3EFF98D2093FFF000B27BD1 /* Sources */ = {
			isa = PBXSourcesBuildPhase;
			buildActionMask = 2147483647;
			files = (
				B3EFF9962093FFF000B27BD1 /* FlickrRecentUITests.swift in Sources */,
			);
			runOnlyForDeploymentPostprocessing = 0;
		};
/* End PBXSourcesBuildPhase section */

/* Begin PBXTargetDependency section */
		B3EFF9882093FFF000B27BD1 /* PBXTargetDependency */ = {
			isa = PBXTargetDependency;
			target = B3EFF96E2093FFEC00B27BD1 /* FlickrRecent */;
			targetProxy = B3EFF9872093FFF000B27BD1 /* PBXContainerItemProxy */;
		};
		B3EFF9932093FFF000B27BD1 /* PBXTargetDependency */ = {
			isa = PBXTargetDependency;
			target = B3EFF96E2093FFEC00B27BD1 /* FlickrRecent */;
			targetProxy = B3EFF9922093FFF000B27BD1 /* PBXContainerItemProxy */;
		};
/* End PBXTargetDependency section */

/* Begin PBXVariantGroup section */
		B3EFF9762093FFED00B27BD1 /* Main.storyboard */ = {
			isa = PBXVariantGroup;
			children = (
				B3EFF9772093FFED00B27BD1 /* Base */,
			);
			name = Main.storyboard;
			sourceTree = "<group>";
		};
		B3EFF97E2093FFF000B27BD1 /* LaunchScreen.storyboard */ = {
			isa = PBXVariantGroup;
			children = (
				B3EFF97F2093FFF000B27BD1 /* Base */,
			);
			name = LaunchScreen.storyboard;
			sourceTree = "<group>";
		};
/* End PBXVariantGroup section */

/* Begin XCBuildConfiguration section */
		B3EFF9982093FFF000B27BD1 /* Debug */ = {
			isa = XCBuildConfiguration;
			buildSettings = {
				ALWAYS_SEARCH_USER_PATHS = NO;
				CLANG_ANALYZER_NONNULL = YES;
				CLANG_ANALYZER_NUMBER_OBJECT_CONVERSION = YES_AGGRESSIVE;
				CLANG_CXX_LANGUAGE_STANDARD = "gnu++14";
				CLANG_CXX_LIBRARY = "libc++";
				CLANG_ENABLE_MODULES = YES;
				CLANG_ENABLE_OBJC_ARC = YES;
				CLANG_ENABLE_OBJC_WEAK = YES;
				CLANG_WARN_BLOCK_CAPTURE_AUTORELEASING = YES;
				CLANG_WARN_BOOL_CONVERSION = YES;
				CLANG_WARN_COMMA = YES;
				CLANG_WARN_CONSTANT_CONVERSION = YES;
				CLANG_WARN_DEPRECATED_OBJC_IMPLEMENTATIONS = YES;
				CLANG_WARN_DIRECT_OBJC_ISA_USAGE = YES_ERROR;
				CLANG_WARN_DOCUMENTATION_COMMENTS = YES;
				CLANG_WARN_EMPTY_BODY = YES;
				CLANG_WARN_ENUM_CONVERSION = YES;
				CLANG_WARN_INFINITE_RECURSION = YES;
				CLANG_WARN_INT_CONVERSION = YES;
				CLANG_WARN_NON_LITERAL_NULL_CONVERSION = YES;
				CLANG_WARN_OBJC_IMPLICIT_RETAIN_SELF = YES;
				CLANG_WARN_OBJC_LITERAL_CONVERSION = YES;
				CLANG_WARN_OBJC_ROOT_CLASS = YES_ERROR;
				CLANG_WARN_RANGE_LOOP_ANALYSIS = YES;
				CLANG_WARN_STRICT_PROTOTYPES = YES;
				CLANG_WARN_SUSPICIOUS_MOVE = YES;
				CLANG_WARN_UNGUARDED_AVAILABILITY = YES_AGGRESSIVE;
				CLANG_WARN_UNREACHABLE_CODE = YES;
				CLANG_WARN__DUPLICATE_METHOD_MATCH = YES;
				CODE_SIGN_IDENTITY = "iPhone Developer";
				COPY_PHASE_STRIP = NO;
				DEBUG_INFORMATION_FORMAT = dwarf;
				ENABLE_STRICT_OBJC_MSGSEND = YES;
				ENABLE_TESTABILITY = YES;
				GCC_C_LANGUAGE_STANDARD = gnu11;
				GCC_DYNAMIC_NO_PIC = NO;
				GCC_NO_COMMON_BLOCKS = YES;
				GCC_OPTIMIZATION_LEVEL = 0;
				GCC_PREPROCESSOR_DEFINITIONS = (
					"DEBUG=1",
					"$(inherited)",
				);
				GCC_WARN_64_TO_32_BIT_CONVERSION = YES;
				GCC_WARN_ABOUT_RETURN_TYPE = YES_ERROR;
				GCC_WARN_UNDECLARED_SELECTOR = YES;
				GCC_WARN_UNINITIALIZED_AUTOS = YES_AGGRESSIVE;
				GCC_WARN_UNUSED_FUNCTION = YES;
				GCC_WARN_UNUSED_VARIABLE = YES;
				IPHONEOS_DEPLOYMENT_TARGET = 11.3;
				MTL_ENABLE_DEBUG_INFO = YES;
				ONLY_ACTIVE_ARCH = YES;
				SDKROOT = iphoneos;
				SWIFT_ACTIVE_COMPILATION_CONDITIONS = DEBUG;
				SWIFT_OPTIMIZATION_LEVEL = "-Onone";
			};
			name = Debug;
		};
		B3EFF9992093FFF000B27BD1 /* Release */ = {
			isa = XCBuildConfiguration;
			buildSettings = {
				ALWAYS_SEARCH_USER_PATHS = NO;
				CLANG_ANALYZER_NONNULL = YES;
				CLANG_ANALYZER_NUMBER_OBJECT_CONVERSION = YES_AGGRESSIVE;
				CLANG_CXX_LANGUAGE_STANDARD = "gnu++14";
				CLANG_CXX_LIBRARY = "libc++";
				CLANG_ENABLE_MODULES = YES;
				CLANG_ENABLE_OBJC_ARC = YES;
				CLANG_ENABLE_OBJC_WEAK = YES;
				CLANG_WARN_BLOCK_CAPTURE_AUTORELEASING = YES;
				CLANG_WARN_BOOL_CONVERSION = YES;
				CLANG_WARN_COMMA = YES;
				CLANG_WARN_CONSTANT_CONVERSION = YES;
				CLANG_WARN_DEPRECATED_OBJC_IMPLEMENTATIONS = YES;
				CLANG_WARN_DIRECT_OBJC_ISA_USAGE = YES_ERROR;
				CLANG_WARN_DOCUMENTATION_COMMENTS = YES;
				CLANG_WARN_EMPTY_BODY = YES;
				CLANG_WARN_ENUM_CONVERSION = YES;
				CLANG_WARN_INFINITE_RECURSION = YES;
				CLANG_WARN_INT_CONVERSION = YES;
				CLANG_WARN_NON_LITERAL_NULL_CONVERSION = YES;
				CLANG_WARN_OBJC_IMPLICIT_RETAIN_SELF = YES;
				CLANG_WARN_OBJC_LITERAL_CONVERSION = YES;
				CLANG_WARN_OBJC_ROOT_CLASS = YES_ERROR;
				CLANG_WARN_RANGE_LOOP_ANALYSIS = YES;
				CLANG_WARN_STRICT_PROTOTYPES = YES;
				CLANG_WARN_SUSPICIOUS_MOVE = YES;
				CLANG_WARN_UNGUARDED_AVAILABILITY = YES_AGGRESSIVE;
				CLANG_WARN_UNREACHABLE_CODE = YES;
				CLANG_WARN__DUPLICATE_METHOD_MATCH = YES;
				CODE_SIGN_IDENTITY = "iPhone Developer";
				COPY_PHASE_STRIP = NO;
				DEBUG_INFORMATION_FORMAT = "dwarf-with-dsym";
				ENABLE_NS_ASSERTIONS = NO;
				ENABLE_STRICT_OBJC_MSGSEND = YES;
				GCC_C_LANGUAGE_STANDARD = gnu11;
				GCC_NO_COMMON_BLOCKS = YES;
				GCC_WARN_64_TO_32_BIT_CONVERSION = YES;
				GCC_WARN_ABOUT_RETURN_TYPE = YES_ERROR;
				GCC_WARN_UNDECLARED_SELECTOR = YES;
				GCC_WARN_UNINITIALIZED_AUTOS = YES_AGGRESSIVE;
				GCC_WARN_UNUSED_FUNCTION = YES;
				GCC_WARN_UNUSED_VARIABLE = YES;
				IPHONEOS_DEPLOYMENT_TARGET = 11.3;
				MTL_ENABLE_DEBUG_INFO = NO;
				SDKROOT = iphoneos;
				SWIFT_COMPILATION_MODE = wholemodule;
				SWIFT_OPTIMIZATION_LEVEL = "-O";
				VALIDATE_PRODUCT = YES;
			};
			name = Release;
		};
		B3EFF99B2093FFF000B27BD1 /* Debug */ = {
			isa = XCBuildConfiguration;
			baseConfigurationReference = BE8C4A39D05CFA94E36AD383 /* Pods-FlickrRecent.debug.xcconfig */;
			buildSettings = {
				ASSETCATALOG_COMPILER_APPICON_NAME = AppIcon;
				CODE_SIGN_STYLE = Automatic;
				DEVELOPMENT_TEAM = 9FZ68P2768;
				INFOPLIST_FILE = FlickrRecent/Info.plist;
				IPHONEOS_DEPLOYMENT_TARGET = 10.0;
				LD_RUNPATH_SEARCH_PATHS = "$(inherited) @executable_path/Frameworks";
				PRODUCT_BUNDLE_IDENTIFIER = DingoCorp.FlickrRecent;
				PRODUCT_NAME = "$(TARGET_NAME)";
				SWIFT_VERSION = 4.0;
				TARGETED_DEVICE_FAMILY = "1,2";
			};
			name = Debug;
		};
		B3EFF99C2093FFF000B27BD1 /* Release */ = {
			isa = XCBuildConfiguration;
			baseConfigurationReference = 688DE7B0D715A56F02A6BCF4 /* Pods-FlickrRecent.release.xcconfig */;
			buildSettings = {
				ASSETCATALOG_COMPILER_APPICON_NAME = AppIcon;
				CODE_SIGN_STYLE = Automatic;
				DEVELOPMENT_TEAM = 9FZ68P2768;
				INFOPLIST_FILE = FlickrRecent/Info.plist;
				IPHONEOS_DEPLOYMENT_TARGET = 10.0;
				LD_RUNPATH_SEARCH_PATHS = "$(inherited) @executable_path/Frameworks";
				PRODUCT_BUNDLE_IDENTIFIER = DingoCorp.FlickrRecent;
				PRODUCT_NAME = "$(TARGET_NAME)";
				SWIFT_VERSION = 4.0;
				TARGETED_DEVICE_FAMILY = "1,2";
			};
			name = Release;
		};
		B3EFF99E2093FFF000B27BD1 /* Debug */ = {
			isa = XCBuildConfiguration;
			baseConfigurationReference = 865841BDE1CF1313DB906971 /* Pods-FlickrRecentTests.debug.xcconfig */;
			buildSettings = {
				ALWAYS_EMBED_SWIFT_STANDARD_LIBRARIES = YES;
				BUNDLE_LOADER = "$(TEST_HOST)";
				CODE_SIGN_STYLE = Automatic;
				DEVELOPMENT_TEAM = 9FZ68P2768;
				INFOPLIST_FILE = FlickrRecentTests/Info.plist;
				LD_RUNPATH_SEARCH_PATHS = "$(inherited) @executable_path/Frameworks @loader_path/Frameworks";
				PRODUCT_BUNDLE_IDENTIFIER = DingoCorp.FlickrRecentTests;
				PRODUCT_NAME = "$(TARGET_NAME)";
				SWIFT_VERSION = 4.0;
				TARGETED_DEVICE_FAMILY = "1,2";
				TEST_HOST = "$(BUILT_PRODUCTS_DIR)/FlickrRecent.app/FlickrRecent";
			};
			name = Debug;
		};
		B3EFF99F2093FFF000B27BD1 /* Release */ = {
			isa = XCBuildConfiguration;
			baseConfigurationReference = F476326C6E59AFE053EA6346 /* Pods-FlickrRecentTests.release.xcconfig */;
			buildSettings = {
				ALWAYS_EMBED_SWIFT_STANDARD_LIBRARIES = YES;
				BUNDLE_LOADER = "$(TEST_HOST)";
				CODE_SIGN_STYLE = Automatic;
				DEVELOPMENT_TEAM = 9FZ68P2768;
				INFOPLIST_FILE = FlickrRecentTests/Info.plist;
				LD_RUNPATH_SEARCH_PATHS = "$(inherited) @executable_path/Frameworks @loader_path/Frameworks";
				PRODUCT_BUNDLE_IDENTIFIER = DingoCorp.FlickrRecentTests;
				PRODUCT_NAME = "$(TARGET_NAME)";
				SWIFT_VERSION = 4.0;
				TARGETED_DEVICE_FAMILY = "1,2";
				TEST_HOST = "$(BUILT_PRODUCTS_DIR)/FlickrRecent.app/FlickrRecent";
			};
			name = Release;
		};
		B3EFF9A12093FFF000B27BD1 /* Debug */ = {
			isa = XCBuildConfiguration;
			baseConfigurationReference = B3A5AE4B1EDA2DA39743CAC7 /* Pods-FlickrRecentUITests.debug.xcconfig */;
			buildSettings = {
				ALWAYS_EMBED_SWIFT_STANDARD_LIBRARIES = YES;
				CODE_SIGN_STYLE = Automatic;
				DEVELOPMENT_TEAM = 9FZ68P2768;
				INFOPLIST_FILE = FlickrRecentUITests/Info.plist;
				LD_RUNPATH_SEARCH_PATHS = "$(inherited) @executable_path/Frameworks @loader_path/Frameworks";
				PRODUCT_BUNDLE_IDENTIFIER = DingoCorp.FlickrRecentUITests;
				PRODUCT_NAME = "$(TARGET_NAME)";
				SWIFT_VERSION = 4.0;
				TARGETED_DEVICE_FAMILY = "1,2";
				TEST_TARGET_NAME = FlickrRecent;
			};
			name = Debug;
		};
		B3EFF9A22093FFF000B27BD1 /* Release */ = {
			isa = XCBuildConfiguration;
			baseConfigurationReference = 3CD3C283582BAA0BEF4BDCB5 /* Pods-FlickrRecentUITests.release.xcconfig */;
			buildSettings = {
				ALWAYS_EMBED_SWIFT_STANDARD_LIBRARIES = YES;
				CODE_SIGN_STYLE = Automatic;
				DEVELOPMENT_TEAM = 9FZ68P2768;
				INFOPLIST_FILE = FlickrRecentUITests/Info.plist;
				LD_RUNPATH_SEARCH_PATHS = "$(inherited) @executable_path/Frameworks @loader_path/Frameworks";
				PRODUCT_BUNDLE_IDENTIFIER = DingoCorp.FlickrRecentUITests;
				PRODUCT_NAME = "$(TARGET_NAME)";
				SWIFT_VERSION = 4.0;
				TARGETED_DEVICE_FAMILY = "1,2";
				TEST_TARGET_NAME = FlickrRecent;
			};
			name = Release;
		};
/* End XCBuildConfiguration section */

/* Begin XCConfigurationList section */
		B3EFF96A2093FFEC00B27BD1 /* Build configuration list for PBXProject "FlickrRecent" */ = {
			isa = XCConfigurationList;
			buildConfigurations = (
				B3EFF9982093FFF000B27BD1 /* Debug */,
				B3EFF9992093FFF000B27BD1 /* Release */,
			);
			defaultConfigurationIsVisible = 0;
			defaultConfigurationName = Release;
		};
		B3EFF99A2093FFF000B27BD1 /* Build configuration list for PBXNativeTarget "FlickrRecent" */ = {
			isa = XCConfigurationList;
			buildConfigurations = (
				B3EFF99B2093FFF000B27BD1 /* Debug */,
				B3EFF99C2093FFF000B27BD1 /* Release */,
			);
			defaultConfigurationIsVisible = 0;
			defaultConfigurationName = Release;
		};
		B3EFF99D2093FFF000B27BD1 /* Build configuration list for PBXNativeTarget "FlickrRecentTests" */ = {
			isa = XCConfigurationList;
			buildConfigurations = (
				B3EFF99E2093FFF000B27BD1 /* Debug */,
				B3EFF99F2093FFF000B27BD1 /* Release */,
			);
			defaultConfigurationIsVisible = 0;
			defaultConfigurationName = Release;
		};
		B3EFF9A02093FFF000B27BD1 /* Build configuration list for PBXNativeTarget "FlickrRecentUITests" */ = {
			isa = XCConfigurationList;
			buildConfigurations = (
				B3EFF9A12093FFF000B27BD1 /* Debug */,
				B3EFF9A22093FFF000B27BD1 /* Release */,
			);
			defaultConfigurationIsVisible = 0;
			defaultConfigurationName = Release;
		};
/* End XCConfigurationList section */

/* Begin XCVersionGroup section */
		B3EFF9792093FFED00B27BD1 /* FlickrRecent.xcdatamodeld */ = {
			isa = XCVersionGroup;
			children = (
				B3EFF97A2093FFED00B27BD1 /* FlickrRecent.xcdatamodel */,
			);
			currentVersion = B3EFF97A2093FFED00B27BD1 /* FlickrRecent.xcdatamodel */;
			path = FlickrRecent.xcdatamodeld;
			sourceTree = "<group>";
			versionGroupType = wrapper.xcdatamodel;
		};
/* End XCVersionGroup section */
	};
	rootObject = B3EFF9672093FFEC00B27BD1 /* Project object */;
}
